
Microsoft Visual Studio Solution File, Format Version 12.00
# Visual Studio Version 16
VisualStudioVersion = 16.0.31911.196
MinimumVisualStudioVersion = 10.0.40219.1
Project("{FAE04EC0-301F-11D3-BF4B-00C04F79EFBC}") = "Nest-Multipurpose-eCommerce", "Nest-Multipurpose-eCommerce\Nest-Multipurpose-eCommerce.csproj", "{50D5B946-4AE2-4AC6-88CD-A4741F58B636}"
EndProject
Global
	GlobalSection(SolutionConfigurationPlatforms) = preSolution
		Debug|Any CPU = Debug|Any CPU
		Release|Any CPU = Release|Any CPU
	EndGlobalSection
	GlobalSection(ProjectConfigurationPlatforms) = postSolution
		{50D5B946-4AE2-4AC6-88CD-A4741F58B636}.Debug|Any CPU.ActiveCfg = Debug|Any CPU
		{50D5B946-4AE2-4AC6-88CD-A4741F58B636}.Debug|Any CPU.Build.0 = Debug|Any CPU
		{50D5B946-4AE2-4AC6-88CD-A4741F58B636}.Release|Any CPU.ActiveCfg = Release|Any CPU
		{50D5B946-4AE2-4AC6-88CD-A4741F58B636}.Release|Any CPU.Build.0 = Release|Any CPU
	EndGlobalSection
	GlobalSection(SolutionProperties) = preSolution
		HideSolutionNode = FALSE
	EndGlobalSection
	GlobalSection(ExtensibilityGlobals) = postSolution
		SolutionGuid = {6CC2A831-3257-423E-9DBC-C7879DEFF102}
	EndGlobalSection
EndGlobal
